
Microsoft Visual Studio Solution File, Format Version 12.00
# Visual Studio Version 16
VisualStudioVersion = 16.0.29728.190
MinimumVisualStudioVersion = 10.0.40219.1
Project("{FAE04EC0-301F-11D3-BF4B-00C04F79EFBC}") = "Newsdog.UWP", "Newsdog\Newsdog.UWP\Newsdog.UWP.csproj", "{2AB5B91A-7201-41BB-9EB7-4C60AF997943}"
EndProject
Project("{FAE04EC0-301F-11D3-BF4B-00C04F79EFBC}") = "Newsdog.Android", "Newsdog\Newsdog.Android\Newsdog.Android.csproj", "{49BC62E8-74B2-43C7-A731-5600E255F381}"
EndProject
Project("{FAE04EC0-301F-11D3-BF4B-00C04F79EFBC}") = "Newsdog.iOS", "Newsdog\Newsdog.iOS\Newsdog.iOS.csproj", "{64E11096-6395-4058-94AA-9AE5EF262CC0}"
EndProject
Project("{FAE04EC0-301F-11D3-BF4B-00C04F79EFBC}") = "Newsdog", "Newsdog\Newsdog\Newsdog.csproj", "{1672CDE1-B820-4C35-A6B4-412637369BA9}"
EndProject
Global
	GlobalSection(SolutionConfigurationPlatforms) = preSolution
		Debug|Any CPU = Debug|Any CPU
		Debug|ARM = Debug|ARM
		Debug|iPhone = Debug|iPhone
		Debug|iPhoneSimulator = Debug|iPhoneSimulator
		Debug|x64 = Debug|x64
		Debug|x86 = Debug|x86
		Release|Any CPU = Release|Any CPU
		Release|ARM = Release|ARM
		Release|iPhone = Release|iPhone
		Release|iPhoneSimulator = Release|iPhoneSimulator
		Release|x64 = Release|x64
		Release|x86 = Release|x86
	EndGlobalSection
	GlobalSection(ProjectConfigurationPlatforms) = postSolution
		{2AB5B91A-7201-41BB-9EB7-4C60AF997943}.Debug|Any CPU.ActiveCfg = Debug|x86
		{2AB5B91A-7201-41BB-9EB7-4C60AF997943}.Debug|Any CPU.Build.0 = Debug|x86
		{2AB5B91A-7201-41BB-9EB7-4C60AF997943}.Debug|Any CPU.Deploy.0 = Debug|x86
		{2AB5B91A-7201-41BB-9EB7-4C60AF997943}.Debug|ARM.ActiveCfg = Debug|ARM
		{2AB5B91A-7201-41BB-9EB7-4C60AF997943}.Debug|ARM.Build.0 = Debug|ARM
		{2AB5B91A-7201-41BB-9EB7-4C60AF997943}.Debug|ARM.Deploy.0 = Debug|ARM
		{2AB5B91A-7201-41BB-9EB7-4C60AF997943}.Debug|iPhone.ActiveCfg = Debug|x86
		{2AB5B91A-7201-41BB-9EB7-4C60AF997943}.Debug|iPhone.Build.0 = Debug|x86
		{2AB5B91A-7201-41BB-9EB7-4C60AF997943}.Debug|iPhone.Deploy.0 = Debug|x86
		{2AB5B91A-7201-41BB-9EB7-4C60AF997943}.Debug|iPhoneSimulator.ActiveCfg = Debug|x86
		{2AB5B91A-7201-41BB-9EB7-4C60AF997943}.Debug|iPhoneSimulator.Build.0 = Debug|x86
		{2AB5B91A-7201-41BB-9EB7-4C60AF997943}.Debug|iPhoneSimulator.Deploy.0 = Debug|x86
		{2AB5B91A-7201-41BB-9EB7-4C60AF997943}.Debug|x64.ActiveCfg = Debug|x64
		{2AB5B91A-7201-41BB-9EB7-4C60AF997943}.Debug|x64.Build.0 = Debug|x64
		{2AB5B91A-7201-41BB-9EB7-4C60AF997943}.Debug|x64.Deploy.0 = Debug|x64
		{2AB5B91A-7201-41BB-9EB7-4C60AF997943}.Debug|x86.ActiveCfg = Debug|x86
		{2AB5B91A-7201-41BB-9EB7-4C60AF997943}.Debug|x86.Build.0 = Debug|x86
		{2AB5B91A-7201-41BB-9EB7-4C60AF997943}.Debug|x86.Deploy.0 = Debug|x86
		{2AB5B91A-7201-41BB-9EB7-4C60AF997943}.Release|Any CPU.ActiveCfg = Release|x86
		{2AB5B91A-7201-41BB-9EB7-4C60AF997943}.Release|Any CPU.Build.0 = Release|x86
		{2AB5B91A-7201-41BB-9EB7-4C60AF997943}.Release|Any CPU.Deploy.0 = Release|x86
		{2AB5B91A-7201-41BB-9EB7-4C60AF997943}.Release|ARM.ActiveCfg = Release|ARM
		{2AB5B91A-7201-41BB-9EB7-4C60AF997943}.Release|ARM.Build.0 = Release|ARM
		{2AB5B91A-7201-41BB-9EB7-4C60AF997943}.Release|ARM.Deploy.0 = Release|ARM
		{2AB5B91A-7201-41BB-9EB7-4C60AF997943}.Release|iPhone.ActiveCfg = Release|x86
		{2AB5B91A-7201-41BB-9EB7-4C60AF997943}.Release|iPhone.Build.0 = Release|x86
		{2AB5B91A-7201-41BB-9EB7-4C60AF997943}.Release|iPhone.Deploy.0 = Release|x86
		{2AB5B91A-7201-41BB-9EB7-4C60AF997943}.Release|iPhoneSimulator.ActiveCfg = Release|x86
		{2AB5B91A-7201-41BB-9EB7-4C60AF997943}.Release|iPhoneSimulator.Build.0 = Release|x86
		{2AB5B91A-7201-41BB-9EB7-4C60AF997943}.Release|iPhoneSimulator.Deploy.0 = Release|x86
		{2AB5B91A-7201-41BB-9EB7-4C60AF997943}.Release|x64.ActiveCfg = Release|x64
		{2AB5B91A-7201-41BB-9EB7-4C60AF997943}.Release|x64.Build.0 = Release|x64
		{2AB5B91A-7201-41BB-9EB7-4C60AF997943}.Release|x64.Deploy.0 = Release|x64
		{2AB5B91A-7201-41BB-9EB7-4C60AF997943}.Release|x86.ActiveCfg = Release|x86
		{2AB5B91A-7201-41BB-9EB7-4C60AF997943}.Release|x86.Build.0 = Release|x86
		{2AB5B91A-7201-41BB-9EB7-4C60AF997943}.Release|x86.Deploy.0 = Release|x86
		{49BC62E8-74B2-43C7-A731-5600E255F381}.Debug|Any CPU.ActiveCfg = Debug|Any CPU
		{49BC62E8-74B2-43C7-A731-5600E255F381}.Debug|Any CPU.Build.0 = Debug|Any CPU
		{49BC62E8-74B2-43C7-A731-5600E255F381}.Debug|Any CPU.Deploy.0 = Debug|Any CPU
		{49BC62E8-74B2-43C7-A731-5600E255F381}.Debug|ARM.ActiveCfg = Debug|Any CPU
		{49BC62E8-74B2-43C7-A731-5600E255F381}.Debug|ARM.Build.0 = Debug|Any CPU
		{49BC62E8-74B2-43C7-A731-5600E255F381}.Debug|ARM.Deploy.0 = Debug|Any CPU
		{49BC62E8-74B2-43C7-A731-5600E255F381}.Debug|iPhone.ActiveCfg = Debug|Any CPU
		{49BC62E8-74B2-43C7-A731-5600E255F381}.Debug|iPhone.Build.0 = Debug|Any CPU
		{49BC62E8-74B2-43C7-A731-5600E255F381}.Debug|iPhone.Deploy.0 = Debug|Any CPU
		{49BC62E8-74B2-43C7-A731-5600E255F381}.Debug|iPhoneSimulator.ActiveCfg = Debug|Any CPU
		{49BC62E8-74B2-43C7-A731-5600E255F381}.Debug|iPhoneSimulator.Build.0 = Debug|Any CPU
		{49BC62E8-74B2-43C7-A731-5600E255F381}.Debug|iPhoneSimulator.Deploy.0 = Debug|Any CPU
		{49BC62E8-74B2-43C7-A731-5600E255F381}.Debug|x64.ActiveCfg = Debug|Any CPU
		{49BC62E8-74B2-43C7-A731-5600E255F381}.Debug|x64.Build.0 = Debug|Any CPU
		{49BC62E8-74B2-43C7-A731-5600E255F381}.Debug|x64.Deploy.0 = Debug|Any CPU
		{49BC62E8-74B2-43C7-A731-5600E255F381}.Debug|x86.ActiveCfg = Debug|Any CPU
		{49BC62E8-74B2-43C7-A731-5600E255F381}.Debug|x86.Build.0 = Debug|Any CPU
		{49BC62E8-74B2-43C7-A731-5600E255F381}.Debug|x86.Deploy.0 = Debug|Any CPU
		{49BC62E8-74B2-43C7-A731-5600E255F381}.Release|Any CPU.ActiveCfg = Release|Any CPU
		{49BC62E8-74B2-43C7-A731-5600E255F381}.Release|Any CPU.Build.0 = Release|Any CPU
		{49BC62E8-74B2-43C7-A731-5600E255F381}.Release|Any CPU.Deploy.0 = Release|Any CPU
		{49BC62E8-74B2-43C7-A731-5600E255F381}.Release|ARM.ActiveCfg = Release|Any CPU
		{49BC62E8-74B2-43C7-A731-5600E255F381}.Release|ARM.Build.0 = Release|Any CPU
		{49BC62E8-74B2-43C7-A731-5600E255F381}.Release|ARM.Deploy.0 = Release|Any CPU
		{49BC62E8-74B2-43C7-A731-5600E255F381}.Release|iPhone.ActiveCfg = Release|Any CPU
		{49BC62E8-74B2-43C7-A731-5600E255F381}.Release|iPhone.Build.0 = Release|Any CPU
		{49BC62E8-74B2-43C7-A731-5600E255F381}.Release|iPhone.Deploy.0 = Release|Any CPU
		{49BC62E8-74B2-43C7-A731-5600E255F381}.Release|iPhoneSimulator.ActiveCfg = Release|Any CPU
		{49BC62E8-74B2-43C7-A731-5600E255F381}.Release|iPhoneSimulator.Build.0 = Release|Any CPU
		{49BC62E8-74B2-43C7-A731-5600E255F381}.Release|iPhoneSimulator.Deploy.0 = Release|Any CPU
		{49BC62E8-74B2-43C7-A731-5600E255F381}.Release|x64.ActiveCfg = Release|Any CPU
		{49BC62E8-74B2-43C7-A731-5600E255F381}.Release|x64.Build.0 = Release|Any CPU
		{49BC62E8-74B2-43C7-A731-5600E255F381}.Release|x64.Deploy.0 = Release|Any CPU
		{49BC62E8-74B2-43C7-A731-5600E255F381}.Release|x86.ActiveCfg = Release|Any CPU
		{49BC62E8-74B2-43C7-A731-5600E255F381}.Release|x86.Build.0 = Release|Any CPU
		{49BC62E8-74B2-43C7-A731-5600E255F381}.Release|x86.Deploy.0 = Release|Any CPU
		{64E11096-6395-4058-94AA-9AE5EF262CC0}.Debug|Any CPU.ActiveCfg = Debug|iPhone
		{64E11096-6395-4058-94AA-9AE5EF262CC0}.Debug|Any CPU.Build.0 = Debug|iPhone
		{64E11096-6395-4058-94AA-9AE5EF262CC0}.Debug|Any CPU.Deploy.0 = Debug|iPhone
		{64E11096-6395-4058-94AA-9AE5EF262CC0}.Debug|ARM.ActiveCfg = Debug|iPhoneSimulator
		{64E11096-6395-4058-94AA-9AE5EF262CC0}.Debug|ARM.Build.0 = Debug|iPhoneSimulator
		{64E11096-6395-4058-94AA-9AE5EF262CC0}.Debug|ARM.Deploy.0 = Debug|iPhoneSimulator
		{64E11096-6395-4058-94AA-9AE5EF262CC0}.Debug|iPhone.ActiveCfg = Debug|iPhone
		{64E11096-6395-4058-94AA-9AE5EF262CC0}.Debug|iPhone.Build.0 = Debug|iPhone
		{64E11096-6395-4058-94AA-9AE5EF262CC0}.Debug|iPhone.Deploy.0 = Debug|iPhone
		{64E11096-6395-4058-94AA-9AE5EF262CC0}.Debug|iPhoneSimulator.ActiveCfg = Debug|iPhoneSimulator
		{64E11096-6395-4058-94AA-9AE5EF262CC0}.Debug|iPhoneSimulator.Build.0 = Debug|iPhoneSimulator
		{64E11096-6395-4058-94AA-9AE5EF262CC0}.Debug|iPhoneSimulator.Deploy.0 = Debug|iPhoneSimulator
		{64E11096-6395-4058-94AA-9AE5EF262CC0}.Debug|x64.ActiveCfg = Debug|iPhone
		{64E11096-6395-4058-94AA-9AE5EF262CC0}.Debug|x64.Build.0 = Debug|iPhone
		{64E11096-6395-4058-94AA-9AE5EF262CC0}.Debug|x64.Deploy.0 = Debug|iPhone
		{64E11096-6395-4058-94AA-9AE5EF262CC0}.Debug|x86.ActiveCfg = Debug|iPhone
		{64E11096-6395-4058-94AA-9AE5EF262CC0}.Debug|x86.Build.0 = Debug|iPhone
		{64E11096-6395-4058-94AA-9AE5EF262CC0}.Debug|x86.Deploy.0 = Debug|iPhone
		{64E11096-6395-4058-94AA-9AE5EF262CC0}.Release|Any CPU.ActiveCfg = Release|iPhone
		{64E11096-6395-4058-94AA-9AE5EF262CC0}.Release|Any CPU.Build.0 = Release|iPhone
		{64E11096-6395-4058-94AA-9AE5EF262CC0}.Release|Any CPU.Deploy.0 = Release|iPhone
		{64E11096-6395-4058-94AA-9AE5EF262CC0}.Release|ARM.ActiveCfg = Release|iPhone
		{64E11096-6395-4058-94AA-9AE5EF262CC0}.Release|ARM.Build.0 = Release|iPhone
		{64E11096-6395-4058-94AA-9AE5EF262CC0}.Release|ARM.Deploy.0 = Release|iPhone
		{64E11096-6395-4058-94AA-9AE5EF262CC0}.Release|iPhone.ActiveCfg = Release|iPhone
		{64E11096-6395-4058-94AA-9AE5EF262CC0}.Release|iPhone.Build.0 = Release|iPhone
		{64E11096-6395-4058-94AA-9AE5EF262CC0}.Release|iPhone.Deploy.0 = Release|iPhone
		{64E11096-6395-4058-94AA-9AE5EF262CC0}.Release|iPhoneSimulator.ActiveCfg = Release|iPhoneSimulator
		{64E11096-6395-4058-94AA-9AE5EF262CC0}.Release|iPhoneSimulator.Build.0 = Release|iPhoneSimulator
		{64E11096-6395-4058-94AA-9AE5EF262CC0}.Release|iPhoneSimulator.Deploy.0 = Release|iPhoneSimulator
		{64E11096-6395-4058-94AA-9AE5EF262CC0}.Release|x64.ActiveCfg = Release|iPhone
		{64E11096-6395-4058-94AA-9AE5EF262CC0}.Release|x64.Build.0 = Release|iPhone
		{64E11096-6395-4058-94AA-9AE5EF262CC0}.Release|x64.Deploy.0 = Release|iPhone
		{64E11096-6395-4058-94AA-9AE5EF262CC0}.Release|x86.ActiveCfg = Release|iPhone
		{64E11096-6395-4058-94AA-9AE5EF262CC0}.Release|x86.Build.0 = Release|iPhone
		{64E11096-6395-4058-94AA-9AE5EF262CC0}.Release|x86.Deploy.0 = Release|iPhone
		{1672CDE1-B820-4C35-A6B4-412637369BA9}.Debug|Any CPU.ActiveCfg = Debug|Any CPU
		{1672CDE1-B820-4C35-A6B4-412637369BA9}.Debug|Any CPU.Build.0 = Debug|Any CPU
		{1672CDE1-B820-4C35-A6B4-412637369BA9}.Debug|Any CPU.Deploy.0 = Debug|Any CPU
		{1672CDE1-B820-4C35-A6B4-412637369BA9}.Debug|ARM.ActiveCfg = Debug|Any CPU
		{1672CDE1-B820-4C35-A6B4-412637369BA9}.Debug|ARM.Build.0 = Debug|Any CPU
		{1672CDE1-B820-4C35-A6B4-412637369BA9}.Debug|ARM.Deploy.0 = Debug|Any CPU
		{1672CDE1-B820-4C35-A6B4-412637369BA9}.Debug|iPhone.ActiveCfg = Debug|Any CPU
		{1672CDE1-B820-4C35-A6B4-412637369BA9}.Debug|iPhone.Build.0 = Debug|Any CPU
		{1672CDE1-B820-4C35-A6B4-412637369BA9}.Debug|iPhone.Deploy.0 = Debug|Any CPU
		{1672CDE1-B820-4C35-A6B4-412637369BA9}.Debug|iPhoneSimulator.ActiveCfg = Debug|Any CPU
		{1672CDE1-B820-4C35-A6B4-412637369BA9}.Debug|iPhoneSimulator.Build.0 = Debug|Any CPU
		{1672CDE1-B820-4C35-A6B4-412637369BA9}.Debug|iPhoneSimulator.Deploy.0 = Debug|Any CPU
		{1672CDE1-B820-4C35-A6B4-412637369BA9}.Debug|x64.ActiveCfg = Debug|Any CPU
		{1672CDE1-B820-4C35-A6B4-412637369BA9}.Debug|x64.Build.0 = Debug|Any CPU
		{1672CDE1-B820-4C35-A6B4-412637369BA9}.Debug|x64.Deploy.0 = Debug|Any CPU
		{1672CDE1-B820-4C35-A6B4-412637369BA9}.Debug|x86.ActiveCfg = Debug|Any CPU
		{1672CDE1-B820-4C35-A6B4-412637369BA9}.Debug|x86.Build.0 = Debug|Any CPU
		{1672CDE1-B820-4C35-A6B4-412637369BA9}.Debug|x86.Deploy.0 = Debug|Any CPU
		{1672CDE1-B820-4C35-A6B4-412637369BA9}.Release|Any CPU.ActiveCfg = Release|Any CPU
		{1672CDE1-B820-4C35-A6B4-412637369BA9}.Release|Any CPU.Build.0 = Release|Any CPU
		{1672CDE1-B820-4C35-A6B4-412637369BA9}.Release|Any CPU.Deploy.0 = Release|Any CPU
		{1672CDE1-B820-4C35-A6B4-412637369BA9}.Release|ARM.ActiveCfg = Release|Any CPU
		{1672CDE1-B820-4C35-A6B4-412637369BA9}.Release|ARM.Build.0 = Release|Any CPU
		{1672CDE1-B820-4C35-A6B4-412637369BA9}.Release|ARM.Deploy.0 = Release|Any CPU
		{1672CDE1-B820-4C35-A6B4-412637369BA9}.Release|iPhone.ActiveCfg = Release|Any CPU
		{1672CDE1-B820-4C35-A6B4-412637369BA9}.Release|iPhone.Build.0 = Release|Any CPU
		{1672CDE1-B820-4C35-A6B4-412637369BA9}.Release|iPhone.Deploy.0 = Release|Any CPU
		{1672CDE1-B820-4C35-A6B4-412637369BA9}.Release|iPhoneSimulator.ActiveCfg = Release|Any CPU
		{1672CDE1-B820-4C35-A6B4-412637369BA9}.Release|iPhoneSimulator.Build.0 = Release|Any CPU
		{1672CDE1-B820-4C35-A6B4-412637369BA9}.Release|iPhoneSimulator.Deploy.0 = Release|Any CPU
		{1672CDE1-B820-4C35-A6B4-412637369BA9}.Release|x64.ActiveCfg = Release|Any CPU
		{1672CDE1-B820-4C35-A6B4-412637369BA9}.Release|x64.Build.0 = Release|Any CPU
		{1672CDE1-B820-4C35-A6B4-412637369BA9}.Release|x64.Deploy.0 = Release|Any CPU
		{1672CDE1-B820-4C35-A6B4-412637369BA9}.Release|x86.ActiveCfg = Release|Any CPU
		{1672CDE1-B820-4C35-A6B4-412637369BA9}.Release|x86.Build.0 = Release|Any CPU
		{1672CDE1-B820-4C35-A6B4-412637369BA9}.Release|x86.Deploy.0 = Release|Any CPU
	EndGlobalSection
	GlobalSection(SolutionProperties) = preSolution
		HideSolutionNode = FALSE
	EndGlobalSection
	GlobalSection(ExtensibilityGlobals) = postSolution
		SolutionGuid = {C299092E-6E12-4C26-93F3-E4E46B73D1AE}
	EndGlobalSection
EndGlobal
